
Microsoft Visual Studio Solution File, Format Version 12.00
# Visual Studio Version 17
VisualStudioVersion = 17.7.34031.279
MinimumVisualStudioVersion = 10.0.40219.1
Project("{FAE04EC0-301F-11D3-BF4B-00C04F79EFBC}") = "SocketClient", "SocketClient.csproj", "{F7AD69E6-AA5A-42DB-9E72-6A0DC4B04EC3}"
EndProject
Global
	GlobalSection(SolutionConfigurationPlatforms) = preSolution
		Debug|Any CPU = Debug|Any CPU
		Release|Any CPU = Release|Any CPU
	EndGlobalSection
	GlobalSection(ProjectConfigurationPlatforms) = postSolution
		{F7AD69E6-AA5A-42DB-9E72-6A0DC4B04EC3}.Debug|Any CPU.ActiveCfg = Debug|Any CPU
		{F7AD69E6-AA5A-42DB-9E72-6A0DC4B04EC3}.Debug|Any CPU.Build.0 = Debug|Any CPU
		{F7AD69E6-AA5A-42DB-9E72-6A0DC4B04EC3}.Release|Any CPU.ActiveCfg = Release|Any CPU
		{F7AD69E6-AA5A-42DB-9E72-6A0DC4B04EC3}.Release|Any CPU.Build.0 = Release|Any CPU
	EndGlobalSection
	GlobalSection(SolutionProperties) = preSolution
		HideSolutionNode = FALSE
	EndGlobalSection
	GlobalSection(ExtensibilityGlobals) = postSolution
		SolutionGuid = {D5D1CF40-1185-4712-BBCF-955A3922C90A}
	EndGlobalSection
EndGlobal
